{
  "name": "WebAR Test",
  "lockfileVersion": 3,
  "requires": true,
  "packages": {
    "": {
      "name": "WebAR Test",
      "dependencies": {
        "@ar-js-org/ar.js": "^3.4.6",
        "@ar-js-org/ar.js-threejs": "^0.3.2",
        "three": "^0.172.0"
      },
      "devDependencies": {
        "vite": "^6.0.7"
      }
    },
    "srcs/@ar-js-org/ar.js": {
      "version": "3.4.6",
      "resolved": "https://registry.npmjs.org/@ar-js-org/ar.js/-/ar.js-3.4.6.tgz",
      "integrity": "sha512-sSIgI7Nrl1apMbCHy+cMpXYEyYnFG2vbheRviVPZ6hptdNs57D/Cj7BKi+odlFtumtXjl/dUmqC4ruphREP3Hw==",
      "license": "MIT",
      "dependencies": {
        "@ar-js-org/artoolkit5-js": "^0.3.1",
        "aframe": "^1.6.0",
        "three": "^0.164.0"
      }
    },
    "srcs/@ar-js-org/ar.js-threejs": {
      "version": "0.3.2",
      "resolved": "https://registry.npmjs.org/@ar-js-org/ar.js-threejs/-/ar.js-threejs-0.3.2.tgz",
      "integrity": "sha512-mX7rF8AG/BkFXFlAkzNGI1U9zZu9DKJJFMMdLWtJb46rwM19ch+8BNW3Ry8jezy6iFrSYg5CfxB5E1XsRf0Kfw==",
      "license": "MIT",
      "dependencies": {
        "@ar-js-org/artoolkit5-js": "^0.3.1",
        "three": "^0.164.0"
      }
    },
    "srcs/@ar-js-org/ar.js-threejs/node_modules/three": {
      "version": "0.164.1",
      "resolved": "https://registry.npmjs.org/three/-/three-0.164.1.tgz",
      "integrity": "sha512-iC/hUBbl1vzFny7f5GtqzVXYjMJKaTPxiCxXfrvVdBi1Sf+jhd1CAkitiFwC7mIBFCo3MrDLJG97yisoaWig0w==",
      "license": "MIT"
    },
    "srcs/@ar-js-org/ar.js/node_modules/three": {
      "version": "0.164.1",
      "resolved": "https://registry.npmjs.org/three/-/three-0.164.1.tgz",
      "integrity": "sha512-iC/hUBbl1vzFny7f5GtqzVXYjMJKaTPxiCxXfrvVdBi1Sf+jhd1CAkitiFwC7mIBFCo3MrDLJG97yisoaWig0w==",
      "license": "MIT"
    },
    "srcs/@ar-js-org/artoolkit5-js": {
      "version": "0.3.1",
      "resolved": "https://registry.npmjs.org/@ar-js-org/artoolkit5-js/-/artoolkit5-js-0.3.1.tgz",
      "integrity": "sha512-u897berbshr5ofJM24HbI6srRB/fQ9xJcv81DA5KerA28YS7yQmt5jPK/w0gQXytBulY52pIgQ8K83djGQq2yA==",
      "license": "LGPL-3.0",
      "dependencies": {
        "@babel/runtime": "7.26.0",
        "axios": "1.7.7"
      }
    },
    "srcs/three": {
      "version": "0.172.0",
      "resolved": "https://registry.npmjs.org/three/-/three-0.172.0.tgz",
      "integrity": "sha512-6HMgMlzU97MsV7D/tY8Va38b83kz8YJX+BefKjspMNAv0Vx6dxMogHOrnRl/sbMIs3BPUKijPqDqJ/+UwJbIow==",
      "license": "MIT"
    }
  }
}
